{
  "name": "agents-ollama-llm-test",
  "version": "0.0.0",
  "lockfileVersion": 3,
  "requires": true,
  "packages": {
    "": {
      "name": "agents-ollama-llm-test",
      "version": "0.0.0",
      "devDependencies": {
        "opencode-ai": "1.18.3"
      },
      "engines": {
        "node": ">=22 <23"
      }
    },
    "node_modules/opencode-ai": {
      "version": "1.18.3",
      "resolved": "https://registry.npmjs.org/opencode-ai/-/opencode-ai-1.18.3.tgz",
      "integrity": "sha512-HnItl/+uhSpj7JV9x6ITiE0XFq4b/PKF5OM03TIyiFoFiLw3MQoJOAXZFTEzC7IOgAIYcysRQBBmCmlXILkxww==",
      "cpu": [
        "arm64",
        "x64"
      ],
      "dev": true,
      "hasInstallScript": true,
      "license": "MIT",
      "os": [
        "darwin",
        "linux",
        "win32"
      ],
      "bin": {
        "opencode": "bin/opencode.exe"
      },
      "optionalDependencies": {
        "opencode-darwin-arm64": "1.18.3",
        "opencode-darwin-x64": "1.18.3",
        "opencode-darwin-x64-baseline": "1.18.3",
        "opencode-linux-arm64": "1.18.3",
        "opencode-linux-arm64-musl": "1.18.3",
        "opencode-linux-x64": "1.18.3",
        "opencode-linux-x64-baseline": "1.18.3",
        "opencode-linux-x64-baseline-musl": "1.18.3",
        "opencode-linux-x64-musl": "1.18.3",
        "opencode-windows-arm64": "1.18.3",
        "opencode-windows-x64": "1.18.3",
        "opencode-windows-x64-baseline": "1.18.3"
      }
    },
    "node_modules/opencode-darwin-arm64": {
      "version": "1.18.3",
      "resolved": "https://registry.npmjs.org/opencode-darwin-arm64/-/opencode-darwin-arm64-1.18.3.tgz",
      "integrity": "sha512-BkfJf4E502OVwpDXgaVz8eqTDOy2B9xXPefYebT+xv8TXYvEo1wtby4eu4MoN51o4o1qpzcvCCXDqUDXu1pBGQ==",
      "cpu": [
        "arm64"
      ],
      "dev": true,
      "optional": true,
      "os": [
        "darwin"
      ]
    },
    "node_modules/opencode-darwin-x64": {
      "version": "1.18.3",
      "resolved": "https://registry.npmjs.org/opencode-darwin-x64/-/opencode-darwin-x64-1.18.3.tgz",
      "integrity": "sha512-ujy61O3WUEHjPqk+qXMBl97zR9q3crOzHbm2VLmXLHUWbqB5ZtN1HToODbuI1SBMKVR8GyZwPygRQVMfON4DHg==",
      "cpu": [
        "x64"
      ],
      "dev": true,
      "optional": true,
      "os": [
        "darwin"
      ]
    },
    "node_modules/opencode-darwin-x64-baseline": {
      "version": "1.18.3",
      "resolved": "https://registry.npmjs.org/opencode-darwin-x64-baseline/-/opencode-darwin-x64-baseline-1.18.3.tgz",
      "integrity": "sha512-8qQ9Ig7Zp7LEKaKGRL+OIlDb/uTLYkeAq6SGsN0fLHR2rHZRHyb61KrpkS5TgUlGwSWPtb5uCeVtTA9rGbEAKw==",
      "cpu": [
        "x64"
      ],
      "dev": true,
      "optional": true,
      "os": [
        "darwin"
      ]
    },
    "node_modules/opencode-linux-arm64": {
      "version": "1.18.3",
      "resolved": "https://registry.npmjs.org/opencode-linux-arm64/-/opencode-linux-arm64-1.18.3.tgz",
      "integrity": "sha512-K+1SPkfrYFUufPUYpbSurlB2ogpjv5in2usA1FwOM7HCOpNxR3ap7K+X4uQXnOV8AtsON+Vr9W5uYXQJA1yKlA==",
      "cpu": [
        "arm64"
      ],
      "dev": true,
      "optional": true,
      "os": [
        "linux"
      ]
    },
    "node_modules/opencode-linux-arm64-musl": {
      "version": "1.18.3",
      "resolved": "https://registry.npmjs.org/opencode-linux-arm64-musl/-/opencode-linux-arm64-musl-1.18.3.tgz",
      "integrity": "sha512-s1vNP8dpIH3vFs8aoMzgHViBNVz6xtR7n24gGg0WOw4uSZVM+sRUmZKc3Hj56XjHQSsVBg5AkwR2Xm0nFSfIUQ==",
      "cpu": [
        "arm64"
      ],
      "dev": true,
      "optional": true,
      "os": [
        "linux"
      ]
    },
    "node_modules/opencode-linux-x64": {
      "version": "1.18.3",
      "resolved": "https://registry.npmjs.org/opencode-linux-x64/-/opencode-linux-x64-1.18.3.tgz",
      "integrity": "sha512-p+19dSTf3pWL3+Rh/Ym94DvS9mNxNG94HJnR5oMCDhQvgimdT5tSdoK4ETtk4XOoCKz3OcTQDPHTdYKcJg32KQ==",
      "cpu": [
        "x64"
      ],
      "dev": true,
      "optional": true,
      "os": [
        "linux"
      ]
    },
    "node_modules/opencode-linux-x64-baseline": {
      "version": "1.18.3",
      "resolved": "https://registry.npmjs.org/opencode-linux-x64-baseline/-/opencode-linux-x64-baseline-1.18.3.tgz",
      "integrity": "sha512-DDfspGSQ123yhsFhAlbpF+tsvje5kHOS2/PYUpWJroTlvgtqRLGmET51Anrxd5BrAFrqB6PXYA2kGh5QStPU/g==",
      "cpu": [
        "x64"
      ],
      "dev": true,
      "optional": true,
      "os": [
        "linux"
      ]
    },
    "node_modules/opencode-linux-x64-baseline-musl": {
      "version": "1.18.3",
      "resolved": "https://registry.npmjs.org/opencode-linux-x64-baseline-musl/-/opencode-linux-x64-baseline-musl-1.18.3.tgz",
      "integrity": "sha512-F2nNPqYPdTCydLvNH1rvSXdlX3pfmOmOOfsFl+pqi3W0iE3Alyxmv28AjrIGUw4/6EfWhMKYcyxKjNIKLFyaZQ==",
      "cpu": [
        "x64"
      ],
      "dev": true,
      "optional": true,
      "os": [
        "linux"
      ]
    },
    "node_modules/opencode-linux-x64-musl": {
      "version": "1.18.3",
      "resolved": "https://registry.npmjs.org/opencode-linux-x64-musl/-/opencode-linux-x64-musl-1.18.3.tgz",
      "integrity": "sha512-SSp2zSpAM4dntcPZw8ISl3CmXYrWPftLc8u0HuAIeNWJOo6G4xAHPoXhNnXI3tQYqqGcppArf/3EMPnF9WnyFw==",
      "cpu": [
        "x64"
      ],
      "dev": true,
      "optional": true,
      "os": [
        "linux"
      ]
    },
    "node_modules/opencode-windows-arm64": {
      "version": "1.18.3",
      "resolved": "https://registry.npmjs.org/opencode-windows-arm64/-/opencode-windows-arm64-1.18.3.tgz",
      "integrity": "sha512-qkz9/r6kUhhgLycQv71MoSQ2m5UI2QnZZx8SeZgyYD7oB8pDH6DIGbDWcs6BJ02ND1Y5hmgYWlP+rOrMkGlMJw==",
      "cpu": [
        "arm64"
      ],
      "dev": true,
      "optional": true,
      "os": [
        "win32"
      ]
    },
    "node_modules/opencode-windows-x64": {
      "version": "1.18.3",
      "resolved": "https://registry.npmjs.org/opencode-windows-x64/-/opencode-windows-x64-1.18.3.tgz",
      "integrity": "sha512-V/Q4VkyZ7TkotLbpTCX/s5wP8MoFj5UnRqBHFJ8WGptb/+oYw36kamUUt1P1wN8iRjmw+8vwYhuYdAe+3xbgpQ==",
      "cpu": [
        "x64"
      ],
      "dev": true,
      "optional": true,
      "os": [
        "win32"
      ]
    },
    "node_modules/opencode-windows-x64-baseline": {
      "version": "1.18.3",
      "resolved": "https://registry.npmjs.org/opencode-windows-x64-baseline/-/opencode-windows-x64-baseline-1.18.3.tgz",
      "integrity": "sha512-+tyoxwSfY7msfZNY1IoA0ZWRL9XfdqY+ash6U3ldfE+GfF2WNAdhewmmYiUsC4lHjkdSmLt2brdWgoebQK9HAg==",
      "cpu": [
        "x64"
      ],
      "dev": true,
      "optional": true,
      "os": [
        "win32"
      ]
    }
  }
}
